{
  "name": "otakulang",
  "version": "1.0.3",
  "lockfileVersion": 3,
  "requires": true,
  "packages": {
    "": {
      "name": "otakulang",
      "version": "1.0.3",
      "license": "MIT",
      "dependencies": {
        "otakulang": "^1.0.3"
      },
      "bin": {
        "otk-run": "cli.js"
      }
    },
    "node_modules/otakulang": {
      "version": "1.0.3",
      "resolved": "https://registry.npmjs.org/otakulang/-/otakulang-1.0.3.tgz",
      "integrity": "sha512-X5aOySeR0H37d7Dn98X0UDbjW35bHihB4/rlAWU+yuAo+igoP1j0yBpQ9wxLf0XytyZKpsa0nl3V4iSWrCRSEg==",
      "dependencies": {
        "otakulang": "^1.0.1"
      },
      "bin": {
        "otk-run": "cli.js"
      }
    }
  }
}
